
Microsoft Visual Studio Solution File, Format Version 12.00
# Visual Studio Version 16
VisualStudioVersion = 16.0.31205.134
MinimumVisualStudioVersion = 10.0.40219.1
Project("{FAE04EC0-301F-11D3-BF4B-00C04F79EFBC}") = "Sniegula.CarWorkshop.Data", "Sniegula.CarWorkshop.Data\Sniegula.CarWorkshop.Data.csproj", "{B502DB2C-426C-49D2-8317-B8B24DFF09C1}"
EndProject
Project("{FAE04EC0-301F-11D3-BF4B-00C04F79EFBC}") = "Sniegula.CarWorkshop.Logic", "Logic\Sniegula.CarWorkshop.Logic.csproj", "{11BC75B3-DA8A-4522-AAAB-9351C5E15467}"
EndProject
Project("{FAE04EC0-301F-11D3-BF4B-00C04F79EFBC}") = "Sniegula.CarWorkshop.UI", "Sniegula.CarWorkshop.UI\Sniegula.CarWorkshop.UI.csproj", "{D6AA7A1E-D69B-438A-BB74-116347DFB059}"
EndProject
Global
	GlobalSection(SolutionConfigurationPlatforms) = preSolution
		Debug|Any CPU = Debug|Any CPU
		Release|Any CPU = Release|Any CPU
	EndGlobalSection
	GlobalSection(ProjectConfigurationPlatforms) = postSolution
		{B502DB2C-426C-49D2-8317-B8B24DFF09C1}.Debug|Any CPU.ActiveCfg = Debug|Any CPU
		{B502DB2C-426C-49D2-8317-B8B24DFF09C1}.Debug|Any CPU.Build.0 = Debug|Any CPU
		{B502DB2C-426C-49D2-8317-B8B24DFF09C1}.Release|Any CPU.ActiveCfg = Release|Any CPU
		{B502DB2C-426C-49D2-8317-B8B24DFF09C1}.Release|Any CPU.Build.0 = Release|Any CPU
		{11BC75B3-DA8A-4522-AAAB-9351C5E15467}.Debug|Any CPU.ActiveCfg = Debug|Any CPU
		{11BC75B3-DA8A-4522-AAAB-9351C5E15467}.Debug|Any CPU.Build.0 = Debug|Any CPU
		{11BC75B3-DA8A-4522-AAAB-9351C5E15467}.Release|Any CPU.ActiveCfg = Release|Any CPU
		{11BC75B3-DA8A-4522-AAAB-9351C5E15467}.Release|Any CPU.Build.0 = Release|Any CPU
		{D6AA7A1E-D69B-438A-BB74-116347DFB059}.Debug|Any CPU.ActiveCfg = Debug|Any CPU
		{D6AA7A1E-D69B-438A-BB74-116347DFB059}.Debug|Any CPU.Build.0 = Debug|Any CPU
		{D6AA7A1E-D69B-438A-BB74-116347DFB059}.Release|Any CPU.ActiveCfg = Release|Any CPU
		{D6AA7A1E-D69B-438A-BB74-116347DFB059}.Release|Any CPU.Build.0 = Release|Any CPU
	EndGlobalSection
	GlobalSection(SolutionProperties) = preSolution
		HideSolutionNode = FALSE
	EndGlobalSection
	GlobalSection(ExtensibilityGlobals) = postSolution
		SolutionGuid = {85B7FF95-E736-4EE5-9078-84BA52859AE5}
	EndGlobalSection
EndGlobal
